
Microsoft Visual Studio Solution File, Format Version 12.00
# Visual Studio 15
VisualStudioVersion = 15.0.28307.421
MinimumVisualStudioVersion = 10.0.40219.1
Project("{FAE04EC0-301F-11D3-BF4B-00C04F79EFBC}") = "CargaFinComun", "CargaFinComun\CargaFinComun.csproj", "{11CB1789-EC19-404F-9B7C-8748CA03169D}"
EndProject
Project("{54435603-DBB4-11D2-8724-00A0C9A8B90C}") = "InstallerFincomun", "InstallerFincomun\InstallerFincomun.vdproj", "{5AFAC48F-5BCF-4C92-9EBC-ACC7CA098F63}"
EndProject
Global
	GlobalSection(SolutionConfigurationPlatforms) = preSolution
		Debug|Any CPU = Debug|Any CPU
		Debug|Default = Debug|Default
		Release|Any CPU = Release|Any CPU
		Release|Default = Release|Default
	EndGlobalSection
	GlobalSection(ProjectConfigurationPlatforms) = postSolution
		{11CB1789-EC19-404F-9B7C-8748CA03169D}.Debug|Any CPU.ActiveCfg = Debug|Any CPU
		{11CB1789-EC19-404F-9B7C-8748CA03169D}.Debug|Any CPU.Build.0 = Debug|Any CPU
		{11CB1789-EC19-404F-9B7C-8748CA03169D}.Debug|Default.ActiveCfg = Debug|Any CPU
		{11CB1789-EC19-404F-9B7C-8748CA03169D}.Debug|Default.Build.0 = Debug|Any CPU
		{11CB1789-EC19-404F-9B7C-8748CA03169D}.Release|Any CPU.ActiveCfg = Release|Any CPU
		{11CB1789-EC19-404F-9B7C-8748CA03169D}.Release|Any CPU.Build.0 = Release|Any CPU
		{11CB1789-EC19-404F-9B7C-8748CA03169D}.Release|Default.ActiveCfg = Release|Any CPU
		{11CB1789-EC19-404F-9B7C-8748CA03169D}.Release|Default.Build.0 = Release|Any CPU
		{5AFAC48F-5BCF-4C92-9EBC-ACC7CA098F63}.Debug|Any CPU.ActiveCfg = Debug
		{5AFAC48F-5BCF-4C92-9EBC-ACC7CA098F63}.Debug|Default.ActiveCfg = Debug
		{5AFAC48F-5BCF-4C92-9EBC-ACC7CA098F63}.Debug|Default.Build.0 = Debug
		{5AFAC48F-5BCF-4C92-9EBC-ACC7CA098F63}.Release|Any CPU.ActiveCfg = Release
		{5AFAC48F-5BCF-4C92-9EBC-ACC7CA098F63}.Release|Any CPU.Build.0 = Release
		{5AFAC48F-5BCF-4C92-9EBC-ACC7CA098F63}.Release|Default.ActiveCfg = Release
		{5AFAC48F-5BCF-4C92-9EBC-ACC7CA098F63}.Release|Default.Build.0 = Release
	EndGlobalSection
	GlobalSection(SolutionProperties) = preSolution
		HideSolutionNode = FALSE
	EndGlobalSection
	GlobalSection(ExtensibilityGlobals) = postSolution
		SolutionGuid = {1332F6F6-CDCC-4942-9AD9-FA5140886D0A}
	EndGlobalSection
	GlobalSection(SolutionConfigurationPlatforms) = preSolution
		Debug|Any CPU = Debug|Any CPU
		Debug|Default = Debug|Default
		Release|Any CPU = Release|Any CPU
		Release|Default = Release|Default
	EndGlobalSection
	GlobalSection(SolutionConfigurationPlatforms) = preSolution
		Debug|Any CPU = Debug|Any CPU
		Debug|Default = Debug|Default
		Release|Any CPU = Release|Any CPU
		Release|Default = Release|Default
	EndGlobalSection
EndGlobal
